
Microsoft Visual Studio Solution File, Format Version 12.00
# Visual Studio Version 17
VisualStudioVersion = 17.0.32014.148
MinimumVisualStudioVersion = 10.0.40219.1
Project("{9A19103F-16F7-4668-BE54-9A1E7A4F7556}") = "Dbml.Core", "src\Dbml.Core\Dbml.Core.csproj", "{6321B66E-91D0-484D-A377-6439FB59C80C}"
EndProject
Project("{9A19103F-16F7-4668-BE54-9A1E7A4F7556}") = "Dbml.FluentMigrator", "src\Dbml.FluentMigrator\Dbml.FluentMigrator.csproj", "{8182A8A0-3035-44C6-8496-56D2E5FD330A}"
EndProject
Global
	GlobalSection(SolutionConfigurationPlatforms) = preSolution
		Debug|Any CPU = Debug|Any CPU
		Release|Any CPU = Release|Any CPU
	EndGlobalSection
	GlobalSection(ProjectConfigurationPlatforms) = postSolution
		{6321B66E-91D0-484D-A377-6439FB59C80C}.Debug|Any CPU.ActiveCfg = Debug|Any CPU
		{6321B66E-91D0-484D-A377-6439FB59C80C}.Debug|Any CPU.Build.0 = Debug|Any CPU
		{6321B66E-91D0-484D-A377-6439FB59C80C}.Release|Any CPU.ActiveCfg = Release|Any CPU
		{6321B66E-91D0-484D-A377-6439FB59C80C}.Release|Any CPU.Build.0 = Release|Any CPU
		{8182A8A0-3035-44C6-8496-56D2E5FD330A}.Debug|Any CPU.ActiveCfg = Debug|Any CPU
		{8182A8A0-3035-44C6-8496-56D2E5FD330A}.Debug|Any CPU.Build.0 = Debug|Any CPU
		{8182A8A0-3035-44C6-8496-56D2E5FD330A}.Release|Any CPU.ActiveCfg = Release|Any CPU
		{8182A8A0-3035-44C6-8496-56D2E5FD330A}.Release|Any CPU.Build.0 = Release|Any CPU
	EndGlobalSection
	GlobalSection(SolutionProperties) = preSolution
		HideSolutionNode = FALSE
	EndGlobalSection
	GlobalSection(ExtensibilityGlobals) = postSolution
		SolutionGuid = {9F9E687D-3876-4D6D-A6EE-0F94CBDC0139}
	EndGlobalSection
EndGlobal
